
Microsoft Visual Studio Solution File, Format Version 12.00
# Visual Studio Version 16
VisualStudioVersion = 16.0.29519.181
MinimumVisualStudioVersion = 10.0.40219.1
Project("{9A19103F-16F7-4668-BE54-9A1E7A4F7556}") = "AKSExample", "AKSExample.csproj", "{44576B15-D17F-4089-BA5A-349CEC52E9A9}"
EndProject
Project("{FAE04EC0-301F-11D3-BF4B-00C04F79EFBC}") = "AKSWExample", "..\AKSWExample\AKSWExample.csproj", "{3D9276A0-0555-4895-A194-DB49C24A384A}"
EndProject
Global
	GlobalSection(SolutionConfigurationPlatforms) = preSolution
		Debug|Any CPU = Debug|Any CPU
		Release|Any CPU = Release|Any CPU
	EndGlobalSection
	GlobalSection(ProjectConfigurationPlatforms) = postSolution
		{44576B15-D17F-4089-BA5A-349CEC52E9A9}.Debug|Any CPU.ActiveCfg = Debug|Any CPU
		{44576B15-D17F-4089-BA5A-349CEC52E9A9}.Debug|Any CPU.Build.0 = Debug|Any CPU
		{44576B15-D17F-4089-BA5A-349CEC52E9A9}.Release|Any CPU.ActiveCfg = Release|Any CPU
		{44576B15-D17F-4089-BA5A-349CEC52E9A9}.Release|Any CPU.Build.0 = Release|Any CPU
		{3D9276A0-0555-4895-A194-DB49C24A384A}.Debug|Any CPU.ActiveCfg = Debug|Any CPU
		{3D9276A0-0555-4895-A194-DB49C24A384A}.Debug|Any CPU.Build.0 = Debug|Any CPU
		{3D9276A0-0555-4895-A194-DB49C24A384A}.Release|Any CPU.ActiveCfg = Release|Any CPU
		{3D9276A0-0555-4895-A194-DB49C24A384A}.Release|Any CPU.Build.0 = Release|Any CPU
	EndGlobalSection
	GlobalSection(SolutionProperties) = preSolution
		HideSolutionNode = FALSE
	EndGlobalSection
	GlobalSection(ExtensibilityGlobals) = postSolution
		SolutionGuid = {AA11A7B4-F1FB-4BDA-92A0-C142D86EBD36}
	EndGlobalSection
EndGlobal
